
Microsoft Visual Studio Solution File, Format Version 12.00
# Visual Studio 15
VisualStudioVersion = 15.0.28307.168
MinimumVisualStudioVersion = 10.0.40219.1
Project("{FAE04EC0-301F-11D3-BF4B-00C04F79EFBC}") = "LAB_2_OPRS_FORMS", "LAB_2_OPRS_FORMS\LAB_2_OPRS_FORMS.csproj", "{B3DEAF00-96B8-4B73-9A36-D62BE8DA376C}"
EndProject
Project("{FAE04EC0-301F-11D3-BF4B-00C04F79EFBC}") = "MyLinearAlgebra", "MyLinearAlgebra\MyLinearAlgebra.csproj", "{16E39C1D-1DCF-4A35-A8C0-8F5A939E993B}"
EndProject
Global
	GlobalSection(SolutionConfigurationPlatforms) = preSolution
		Debug|Any CPU = Debug|Any CPU
		Release|Any CPU = Release|Any CPU
	EndGlobalSection
	GlobalSection(ProjectConfigurationPlatforms) = postSolution
		{B3DEAF00-96B8-4B73-9A36-D62BE8DA376C}.Debug|Any CPU.ActiveCfg = Debug|Any CPU
		{B3DEAF00-96B8-4B73-9A36-D62BE8DA376C}.Debug|Any CPU.Build.0 = Debug|Any CPU
		{B3DEAF00-96B8-4B73-9A36-D62BE8DA376C}.Release|Any CPU.ActiveCfg = Release|Any CPU
		{B3DEAF00-96B8-4B73-9A36-D62BE8DA376C}.Release|Any CPU.Build.0 = Release|Any CPU
		{16E39C1D-1DCF-4A35-A8C0-8F5A939E993B}.Debug|Any CPU.ActiveCfg = Debug|Any CPU
		{16E39C1D-1DCF-4A35-A8C0-8F5A939E993B}.Debug|Any CPU.Build.0 = Debug|Any CPU
		{16E39C1D-1DCF-4A35-A8C0-8F5A939E993B}.Release|Any CPU.ActiveCfg = Release|Any CPU
		{16E39C1D-1DCF-4A35-A8C0-8F5A939E993B}.Release|Any CPU.Build.0 = Release|Any CPU
	EndGlobalSection
	GlobalSection(SolutionProperties) = preSolution
		HideSolutionNode = FALSE
	EndGlobalSection
	GlobalSection(ExtensibilityGlobals) = postSolution
		SolutionGuid = {D545E4BB-2637-4B7A-9784-05F050396B3E}
	EndGlobalSection
EndGlobal
